// !$*UTF8*$!
{
	archiveVersion = 1;
	classes = {
	};
	objectVersion = 46;
	objects = {

/* Begin PBXBuildFile section */
		18DFE9121ABF27A10065DCAC /* AppDelegate.swift in Sources */ = {isa = PBXBuildFile; fileRef = 18DFE9111ABF27A10065DCAC /* AppDelegate.swift */; };
		18DFE9141ABF27A10065DCAC /* ViewController.swift in Sources */ = {isa = PBXBuildFile; fileRef = 18DFE9131ABF27A10065DCAC /* ViewController.swift */; };
		18DFE9171ABF27A10065DCAC /* Main.storyboard in Resources */ = {isa = PBXBuildFile; fileRef = 18DFE9151ABF27A10065DCAC /* Main.storyboard */; };
		18DFE9191ABF27A10065DCAC /* Images.xcassets in Resources */ = {isa = PBXBuildFile; fileRef = 18DFE9181ABF27A10065DCAC /* Images.xcassets */; };
		18DFE91C1ABF27A10065DCAC /* LaunchScreen.xib in Resources */ = {isa = PBXBuildFile; fileRef = 18DFE91A1ABF27A10065DCAC /* LaunchScreen.xib */; };
		18DFE9281ABF27A10065DCAC /* WJSimpleNetworkTests.swift in Sources */ = {isa = PBXBuildFile; fileRef = 18DFE9271ABF27A10065DCAC /* WJSimpleNetworkTests.swift */; };
		18DFE93B1ABF2AE90065DCAC /* String+Hash.swift in Sources */ = {isa = PBXBuildFile; fileRef = 18DFE93A1ABF2AE90065DCAC /* String+Hash.swift */; };
		18DFE93D1ABF2B1B0065DCAC /* WJSimpleNetwork.swift in Sources */ = {isa = PBXBuildFile; fileRef = 18DFE93C1ABF2B1B0065DCAC /* WJSimpleNetwork.swift */; };
/* End PBXBuildFile section */

/* Begin PBXContainerItemProxy section */
		18DFE9221ABF27A10065DCAC /* PBXContainerItemProxy */ = {
			isa = PBXContainerItemProxy;
			containerPortal = 18DFE9041ABF27A10065DCAC /* Project object */;
			proxyType = 1;
			remoteGlobalIDString = 18DFE90B1ABF27A10065DCAC;
			remoteInfo = WJSimpleNetwork;
		};
/* End PBXContainerItemProxy section */

/* Begin PBXFileReference section */
		18DFE90C1ABF27A10065DCAC /* WJSimpleNetwork.app */ = {isa = PBXFileReference; explicitFileType = wrapper.application; includeInIndex = 0; path = WJSimpleNetwork.app; sourceTree = BUILT_PRODUCTS_DIR; };
		18DFE9101ABF27A10065DCAC /* Info.plist */ = {isa = PBXFileReference; lastKnownFileType = text.plist.xml; path = Info.plist; sourceTree = "<group>"; };
		18DFE9111ABF27A10065DCAC /* AppDelegate.swift */ = {isa = PBXFileReference; lastKnownFileType = sourcecode.swift; path = AppDelegate.swift; sourceTree = "<group>"; };
		18DFE9131ABF27A10065DCAC /* ViewController.swift */ = {isa = PBXFileReference; lastKnownFileType = sourcecode.swift; path = ViewController.swift; sourceTree = "<group>"; };
		18DFE9161ABF27A10065DCAC /* Base */ = {isa = PBXFileReference; lastKnownFileType = file.storyboard; name = Base; path = Base.lproj/Main.storyboard; sourceTree = "<group>"; };
		18DFE9181ABF27A10065DCAC /* Images.xcassets */ = {isa = PBXFileReference; lastKnownFileType = folder.assetcatalog; path = Images.xcassets; sourceTree = "<group>"; };
		18DFE91B1ABF27A10065DCAC /* Base */ = {isa = PBXFileReference; lastKnownFileType = file.xib; name = Base; path = Base.lproj/LaunchScreen.xib; sourceTree = "<group>"; };
		18DFE9211ABF27A10065DCAC /* WJSimpleNetworkTests.xctest */ = {isa = PBXFileReference; explicitFileType = wrapper.cfbundle; includeInIndex = 0; path = WJSimpleNetworkTests.xctest; sourceTree = BUILT_PRODUCTS_DIR; };
		18DFE9261ABF27A10065DCAC /* Info.plist */ = {isa = PBXFileReference; lastKnownFileType = text.plist.xml; path = Info.plist; sourceTree = "<group>"; };
		18DFE9271ABF27A10065DCAC /* WJSimpleNetworkTests.swift */ = {isa = PBXFileReference; lastKnownFileType = sourcecode.swift; path = WJSimpleNetworkTests.swift; sourceTree = "<group>"; };
		18DFE9381ABF292E0065DCAC /* WJSimpleNetworkTests-Bridge.h */ = {isa = PBXFileReference; fileEncoding = 4; lastKnownFileType = sourcecode.c.h; path = "WJSimpleNetworkTests-Bridge.h"; sourceTree = "<group>"; };
		18DFE9391ABF2AA10065DCAC /* WJSimpleNetwork-Bridge.h */ = {isa = PBXFileReference; fileEncoding = 4; lastKnownFileType = sourcecode.c.h; path = "WJSimpleNetwork-Bridge.h"; sourceTree = "<group>"; };
		18DFE93A1ABF2AE90065DCAC /* String+Hash.swift */ = {isa = PBXFileReference; fileEncoding = 4; lastKnownFileType = sourcecode.swift; path = "String+Hash.swift"; sourceTree = "<group>"; };
		18DFE93C1ABF2B1B0065DCAC /* WJSimpleNetwork.swift */ = {isa = PBXFileReference; fileEncoding = 4; lastKnownFileType = sourcecode.swift; path = WJSimpleNetwork.swift; sourceTree = "<group>"; };
/* End PBXFileReference section */

/* Begin PBXFrameworksBuildPhase section */
		18DFE9091ABF27A10065DCAC /* Frameworks */ = {
			isa = PBXFrameworksBuildPhase;
			buildActionMask = 2147483647;
			files = (
			);
			runOnlyForDeploymentPostprocessing = 0;
		};
		18DFE91E1ABF27A10065DCAC /* Frameworks */ = {
			isa = PBXFrameworksBuildPhase;
			buildActionMask = 2147483647;
			files = (
			);
			runOnlyForDeploymentPostprocessing = 0;
		};
/* End PBXFrameworksBuildPhase section */

/* Begin PBXGroup section */
		18DFE9031ABF27A10065DCAC = {
			isa = PBXGroup;
			children = (
				18DFE90E1ABF27A10065DCAC /* WJSimpleNetwork */,
				18DFE9241ABF27A10065DCAC /* WJSimpleNetworkTests */,
				18DFE90D1ABF27A10065DCAC /* Products */,
			);
			sourceTree = "<group>";
		};
		18DFE90D1ABF27A10065DCAC /* Products */ = {
			isa = PBXGroup;
			children = (
				18DFE90C1ABF27A10065DCAC /* WJSimpleNetwork.app */,
				18DFE9211ABF27A10065DCAC /* WJSimpleNetworkTests.xctest */,
			);
			name = Products;
			sourceTree = "<group>";
		};
		18DFE90E1ABF27A10065DCAC /* WJSimpleNetwork */ = {
			isa = PBXGroup;
			children = (
				18DFE9111ABF27A10065DCAC /* AppDelegate.swift */,
				18DFE9131ABF27A10065DCAC /* ViewController.swift */,
				18DFE93A1ABF2AE90065DCAC /* String+Hash.swift */,
				18DFE93C1ABF2B1B0065DCAC /* WJSimpleNetwork.swift */,
				18DFE90F1ABF27A10065DCAC /* Supporting Files */,
			);
			path = WJSimpleNetwork;
			sourceTree = "<group>";
		};
		18DFE90F1ABF27A10065DCAC /* Supporting Files */ = {
			isa = PBXGroup;
			children = (
				18DFE9151ABF27A10065DCAC /* Main.storyboard */,
				18DFE9181ABF27A10065DCAC /* Images.xcassets */,
				18DFE91A1ABF27A10065DCAC /* LaunchScreen.xib */,
				18DFE9101ABF27A10065DCAC /* Info.plist */,
				18DFE9391ABF2AA10065DCAC /* WJSimpleNetwork-Bridge.h */,
			);
			name = "Supporting Files";
			sourceTree = "<group>";
		};
		18DFE9241ABF27A10065DCAC /* WJSimpleNetworkTests */ = {
			isa = PBXGroup;
			children = (
				18DFE9271ABF27A10065DCAC /* WJSimpleNetworkTests.swift */,
				18DFE9381ABF292E0065DCAC /* WJSimpleNetworkTests-Bridge.h */,
				18DFE9251ABF27A10065DCAC /* Supporting Files */,
			);
			path = WJSimpleNetworkTests;
			sourceTree = "<group>";
		};
		18DFE9251ABF27A10065DCAC /* Supporting Files */ = {
			isa = PBXGroup;
			children = (
				18DFE9261ABF27A10065DCAC /* Info.plist */,
			);
			name = "Supporting Files";
			sourceTree = "<group>";
		};
/* End PBXGroup section */

/* Begin PBXNativeTarget section */
		18DFE90B1ABF27A10065DCAC /* WJSimpleNetwork */ = {
			isa = PBXNativeTarget;
			buildConfigurationList = 18DFE92B1ABF27A10065DCAC /* Build configuration list for PBXNativeTarget "WJSimpleNetwork" */;
			buildPhases = (
				18DFE9081ABF27A10065DCAC /* Sources */,
				18DFE9091ABF27A10065DCAC /* Frameworks */,
				18DFE90A1ABF27A10065DCAC /* Resources */,
			);
			buildRules = (
			);
			dependencies = (
			);
			name = WJSimpleNetwork;
			productName = WJSimpleNetwork;
			productReference = 18DFE90C1ABF27A10065DCAC /* WJSimpleNetwork.app */;
			productType = "com.apple.product-type.application";
		};
		18DFE9201ABF27A10065DCAC /* WJSimpleNetworkTests */ = {
			isa = PBXNativeTarget;
			buildConfigurationList = 18DFE92E1ABF27A10065DCAC /* Build configuration list for PBXNativeTarget "WJSimpleNetworkTests" */;
			buildPhases = (
				18DFE91D1ABF27A10065DCAC /* Sources */,
				18DFE91E1ABF27A10065DCAC /* Frameworks */,
				18DFE91F1ABF27A10065DCAC /* Resources */,
			);
			buildRules = (
			);
			dependencies = (
				18DFE9231ABF27A10065DCAC /* PBXTargetDependency */,
			);
			name = WJSimpleNetworkTests;
			productName = WJSimpleNetworkTests;
			productReference = 18DFE9211ABF27A10065DCAC /* WJSimpleNetworkTests.xctest */;
			productType = "com.apple.product-type.bundle.unit-test";
		};
/* End PBXNativeTarget section */

/* Begin PBXProject section */
		18DFE9041ABF27A10065DCAC /* Project object */ = {
			isa = PBXProject;
			attributes = {
				LastUpgradeCheck = 0630;
				ORGANIZATIONNAME = Kevin;
				TargetAttributes = {
					18DFE90B1ABF27A10065DCAC = {
						CreatedOnToolsVersion = 6.3;
					};
					18DFE9201ABF27A10065DCAC = {
						CreatedOnToolsVersion = 6.3;
						TestTargetID = 18DFE90B1ABF27A10065DCAC;
					};
				};
			};
			buildConfigurationList = 18DFE9071ABF27A10065DCAC /* Build configuration list for PBXProject "WJSimpleNetwork" */;
			compatibilityVersion = "Xcode 3.2";
			developmentRegion = English;
			hasScannedForEncodings = 0;
			knownRegions = (
				en,
				Base,
			);
			mainGroup = 18DFE9031ABF27A10065DCAC;
			productRefGroup = 18DFE90D1ABF27A10065DCAC /* Products */;
			projectDirPath = "";
			projectRoot = "";
			targets = (
				18DFE90B1ABF27A10065DCAC /* WJSimpleNetwork */,
				18DFE9201ABF27A10065DCAC /* WJSimpleNetworkTests */,
			);
		};
/* End PBXProject section */

/* Begin PBXResourcesBuildPhase section */
		18DFE90A1ABF27A10065DCAC /* Resources */ = {
			isa = PBXResourcesBuildPhase;
			buildActionMask = 2147483647;
			files = (
				18DFE9171ABF27A10065DCAC /* Main.storyboard in Resources */,
				18DFE91C1ABF27A10065DCAC /* LaunchScreen.xib in Resources */,
				18DFE9191ABF27A10065DCAC /* Images.xcassets in Resources */,
			);
			runOnlyForDeploymentPostprocessing = 0;
		};
		18DFE91F1ABF27A10065DCAC /* Resources */ = {
			isa = PBXResourcesBuildPhase;
			buildActionMask = 2147483647;
			files = (
			);
			runOnlyForDeploymentPostprocessing = 0;
		};
/* End PBXResourcesBuildPhase section */

/* Begin PBXSourcesBuildPhase section */
		18DFE9081ABF27A10065DCAC /* Sources */ = {
			isa = PBXSourcesBuildPhase;
			buildActionMask = 2147483647;
			files = (
				18DFE9141ABF27A10065DCAC /* ViewController.swift in Sources */,
				18DFE93D1ABF2B1B0065DCAC /* WJSimpleNetwork.swift in Sources */,
				18DFE9121ABF27A10065DCAC /* AppDelegate.swift in Sources */,
				18DFE93B1ABF2AE90065DCAC /* String+Hash.swift in Sources */,
			);
			runOnlyForDeploymentPostprocessing = 0;
		};
		18DFE91D1ABF27A10065DCAC /* Sources */ = {
			isa = PBXSourcesBuildPhase;
			buildActionMask = 2147483647;
			files = (
				18DFE9281ABF27A10065DCAC /* WJSimpleNetworkTests.swift in Sources */,
			);
			runOnlyForDeploymentPostprocessing = 0;
		};
/* End PBXSourcesBuildPhase section */

/* Begin PBXTargetDependency section */
		18DFE9231ABF27A10065DCAC /* PBXTargetDependency */ = {
			isa = PBXTargetDependency;
			target = 18DFE90B1ABF27A10065DCAC /* WJSimpleNetwork */;
			targetProxy = 18DFE9221ABF27A10065DCAC /* PBXContainerItemProxy */;
		};
/* End PBXTargetDependency section */

/* Begin PBXVariantGroup section */
		18DFE9151ABF27A10065DCAC /* Main.storyboard */ = {
			isa = PBXVariantGroup;
			children = (
				18DFE9161ABF27A10065DCAC /* Base */,
			);
			name = Main.storyboard;
			sourceTree = "<group>";
		};
		18DFE91A1ABF27A10065DCAC /* LaunchScreen.xib */ = {
			isa = PBXVariantGroup;
			children = (
				18DFE91B1ABF27A10065DCAC /* Base */,
			);
			name = LaunchScreen.xib;
			sourceTree = "<group>";
		};
/* End PBXVariantGroup section */

/* Begin XCBuildConfiguration section */
		18DFE9291ABF27A10065DCAC /* Debug */ = {
			isa = XCBuildConfiguration;
			buildSettings = {
				ALWAYS_SEARCH_USER_PATHS = NO;
				CLANG_CXX_LANGUAGE_STANDARD = "gnu++0x";
				CLANG_CXX_LIBRARY = "libc++";
				CLANG_ENABLE_MODULES = YES;
				CLANG_ENABLE_OBJC_ARC = YES;
				CLANG_WARN_BOOL_CONVERSION = YES;
				CLANG_WARN_CONSTANT_CONVERSION = YES;
				CLANG_WARN_DIRECT_OBJC_ISA_USAGE = YES_ERROR;
				CLANG_WARN_EMPTY_BODY = YES;
				CLANG_WARN_ENUM_CONVERSION = YES;
				CLANG_WARN_INT_CONVERSION = YES;
				CLANG_WARN_OBJC_ROOT_CLASS = YES_ERROR;
				CLANG_WARN_UNREACHABLE_CODE = YES;
				CLANG_WARN__DUPLICATE_METHOD_MATCH = YES;
				"CODE_SIGN_IDENTITY[sdk=iphoneos*]" = "iPhone Developer";
				COPY_PHASE_STRIP = NO;
				DEBUG_INFORMATION_FORMAT = "dwarf-with-dsym";
				ENABLE_STRICT_OBJC_MSGSEND = YES;
				GCC_C_LANGUAGE_STANDARD = gnu99;
				GCC_DYNAMIC_NO_PIC = NO;
				GCC_NO_COMMON_BLOCKS = YES;
				GCC_OPTIMIZATION_LEVEL = 0;
				GCC_PREPROCESSOR_DEFINITIONS = (
					"DEBUG=1",
					"$(inherited)",
				);
				GCC_SYMBOLS_PRIVATE_EXTERN = NO;
				GCC_WARN_64_TO_32_BIT_CONVERSION = YES;
				GCC_WARN_ABOUT_RETURN_TYPE = YES_ERROR;
				GCC_WARN_UNDECLARED_SELECTOR = YES;
				GCC_WARN_UNINITIALIZED_AUTOS = YES_AGGRESSIVE;
				GCC_WARN_UNUSED_FUNCTION = YES;
				GCC_WARN_UNUSED_VARIABLE = YES;
				IPHONEOS_DEPLOYMENT_TARGET = 8.3;
				MTL_ENABLE_DEBUG_INFO = YES;
				ONLY_ACTIVE_ARCH = YES;
				SDKROOT = iphoneos;
				SWIFT_OPTIMIZATION_LEVEL = "-Onone";
			};
			name = Debug;
		};
		18DFE92A1ABF27A10065DCAC /* Release */ = {
			isa = XCBuildConfiguration;
			buildSettings = {
				ALWAYS_SEARCH_USER_PATHS = NO;
				CLANG_CXX_LANGUAGE_STANDARD = "gnu++0x";
				CLANG_CXX_LIBRARY = "libc++";
				CLANG_ENABLE_MODULES = YES;
				CLANG_ENABLE_OBJC_ARC = YES;
				CLANG_WARN_BOOL_CONVERSION = YES;
				CLANG_WARN_CONSTANT_CONVERSION = YES;
				CLANG_WARN_DIRECT_OBJC_ISA_USAGE = YES_ERROR;
				CLANG_WARN_EMPTY_BODY = YES;
				CLANG_WARN_ENUM_CONVERSION = YES;
				CLANG_WARN_INT_CONVERSION = YES;
				CLANG_WARN_OBJC_ROOT_CLASS = YES_ERROR;
				CLANG_WARN_UNREACHABLE_CODE = YES;
				CLANG_WARN__DUPLICATE_METHOD_MATCH = YES;
				"CODE_SIGN_IDENTITY[sdk=iphoneos*]" = "iPhone Developer";
				COPY_PHASE_STRIP = NO;
				DEBUG_INFORMATION_FORMAT = "dwarf-with-dsym";
				ENABLE_NS_ASSERTIONS = NO;
				ENABLE_STRICT_OBJC_MSGSEND = YES;
				GCC_C_LANGUAGE_STANDARD = gnu99;
				GCC_NO_COMMON_BLOCKS = YES;
				GCC_WARN_64_TO_32_BIT_CONVERSION = YES;
				GCC_WARN_ABOUT_RETURN_TYPE = YES_ERROR;
				GCC_WARN_UNDECLARED_SELECTOR = YES;
				GCC_WARN_UNINITIALIZED_AUTOS = YES_AGGRESSIVE;
				GCC_WARN_UNUSED_FUNCTION = YES;
				GCC_WARN_UNUSED_VARIABLE = YES;
				IPHONEOS_DEPLOYMENT_TARGET = 8.3;
				MTL_ENABLE_DEBUG_INFO = NO;
				SDKROOT = iphoneos;
				VALIDATE_PRODUCT = YES;
			};
			name = Release;
		};
		18DFE92C1ABF27A10065DCAC /* Debug */ = {
			isa = XCBuildConfiguration;
			buildSettings = {
				ASSETCATALOG_COMPILER_APPICON_NAME = AppIcon;
				INFOPLIST_FILE = WJSimpleNetwork/Info.plist;
				LD_RUNPATH_SEARCH_PATHS = "$(inherited) @executable_path/Frameworks";
				PRODUCT_NAME = "$(TARGET_NAME)";
				SWIFT_OBJC_BRIDGING_HEADER = "WJSimpleNetwork/WJSimpleNetwork-Bridge.h";
			};
			name = Debug;
		};
		18DFE92D1ABF27A10065DCAC /* Release */ = {
			isa = XCBuildConfiguration;
			buildSettings = {
				ASSETCATALOG_COMPILER_APPICON_NAME = AppIcon;
				INFOPLIST_FILE = WJSimpleNetwork/Info.plist;
				LD_RUNPATH_SEARCH_PATHS = "$(inherited) @executable_path/Frameworks";
				PRODUCT_NAME = "$(TARGET_NAME)";
				SWIFT_OBJC_BRIDGING_HEADER = "WJSimpleNetwork/WJSimpleNetwork-Bridge.h";
			};
			name = Release;
		};
		18DFE92F1ABF27A10065DCAC /* Debug */ = {
			isa = XCBuildConfiguration;
			buildSettings = {
				BUNDLE_LOADER = "$(TEST_HOST)";
				FRAMEWORK_SEARCH_PATHS = (
					"$(SDKROOT)/Developer/Library/Frameworks",
					"$(inherited)",
				);
				GCC_PREPROCESSOR_DEFINITIONS = (
					"DEBUG=1",
					"$(inherited)",
				);
				INFOPLIST_FILE = WJSimpleNetworkTests/Info.plist;
				LD_RUNPATH_SEARCH_PATHS = "$(inherited) @executable_path/Frameworks @loader_path/Frameworks";
				PRODUCT_NAME = "$(TARGET_NAME)";
				TEST_HOST = "$(BUILT_PRODUCTS_DIR)/WJSimpleNetwork.app/WJSimpleNetwork";
			};
			name = Debug;
		};
		18DFE9301ABF27A10065DCAC /* Release */ = {
			isa = XCBuildConfiguration;
			buildSettings = {
				BUNDLE_LOADER = "$(TEST_HOST)";
				FRAMEWORK_SEARCH_PATHS = (
					"$(SDKROOT)/Developer/Library/Frameworks",
					"$(inherited)",
				);
				INFOPLIST_FILE = WJSimpleNetworkTests/Info.plist;
				LD_RUNPATH_SEARCH_PATHS = "$(inherited) @executable_path/Frameworks @loader_path/Frameworks";
				PRODUCT_NAME = "$(TARGET_NAME)";
				TEST_HOST = "$(BUILT_PRODUCTS_DIR)/WJSimpleNetwork.app/WJSimpleNetwork";
			};
			name = Release;
		};
/* End XCBuildConfiguration section */

/* Begin XCConfigurationList section */
		18DFE9071ABF27A10065DCAC /* Build configuration list for PBXProject "WJSimpleNetwork" */ = {
			isa = XCConfigurationList;
			buildConfigurations = (
				18DFE9291ABF27A10065DCAC /* Debug */,
				18DFE92A1ABF27A10065DCAC /* Release */,
			);
			defaultConfigurationIsVisible = 0;
			defaultConfigurationName = Release;
		};
		18DFE92B1ABF27A10065DCAC /* Build configuration list for PBXNativeTarget "WJSimpleNetwork" */ = {
			isa = XCConfigurationList;
			buildConfigurations = (
				18DFE92C1ABF27A10065DCAC /* Debug */,
				18DFE92D1ABF27A10065DCAC /* Release */,
			);
			defaultConfigurationIsVisible = 0;
			defaultConfigurationName = Release;
		};
		18DFE92E1ABF27A10065DCAC /* Build configuration list for PBXNativeTarget "WJSimpleNetworkTests" */ = {
			isa = XCConfigurationList;
			buildConfigurations = (
				18DFE92F1ABF27A10065DCAC /* Debug */,
				18DFE9301ABF27A10065DCAC /* Release */,
			);
			defaultConfigurationIsVisible = 0;
			defaultConfigurationName = Release;
		};
/* End XCConfigurationList section */
	};
	rootObject = 18DFE9041ABF27A10065DCAC /* Project object */;
}
